
Microsoft Visual Studio Solution File, Format Version 12.00
# Visual Studio Version 17
VisualStudioVersion = 17.3.32901.215
MinimumVisualStudioVersion = 10.0.40219.1
Project("{FAE04EC0-301F-11D3-BF4B-00C04F79EFBC}") = "ogrenci_liste", "ogrenci_liste\ogrenci_liste.csproj", "{9C4A35E7-79C7-4327-9957-32DF0AE97203}"
EndProject
Global
	GlobalSection(SolutionConfigurationPlatforms) = preSolution
		Debug|Any CPU = Debug|Any CPU
		Release|Any CPU = Release|Any CPU
	EndGlobalSection
	GlobalSection(ProjectConfigurationPlatforms) = postSolution
		{9C4A35E7-79C7-4327-9957-32DF0AE97203}.Debug|Any CPU.ActiveCfg = Debug|Any CPU
		{9C4A35E7-79C7-4327-9957-32DF0AE97203}.Debug|Any CPU.Build.0 = Debug|Any CPU
		{9C4A35E7-79C7-4327-9957-32DF0AE97203}.Release|Any CPU.ActiveCfg = Release|Any CPU
		{9C4A35E7-79C7-4327-9957-32DF0AE97203}.Release|Any CPU.Build.0 = Release|Any CPU
	EndGlobalSection
	GlobalSection(SolutionProperties) = preSolution
		HideSolutionNode = FALSE
	EndGlobalSection
	GlobalSection(ExtensibilityGlobals) = postSolution
		SolutionGuid = {CB673503-9201-47F8-AD12-D7A3666FE6BD}
	EndGlobalSection
EndGlobal
